// !$*UTF8*$!
{
	archiveVersion = 1;
	classes = {
	};
	objectVersion = 50;
	objects = {

/* Begin PBXBuildFile section */
		3F5F5488238462AF00A1985D /* AppDelegate.swift in Sources */ = {isa = PBXBuildFile; fileRef = 3F5F5487238462AF00A1985D /* AppDelegate.swift */; };
		3F5F548A238462AF00A1985D /* ViewController.swift in Sources */ = {isa = PBXBuildFile; fileRef = 3F5F5489238462AF00A1985D /* ViewController.swift */; };
		3F5F548C238462B000A1985D /* Assets.xcassets in Resources */ = {isa = PBXBuildFile; fileRef = 3F5F548B238462B000A1985D /* Assets.xcassets */; };
		3F5F548F238462B000A1985D /* Main.storyboard in Resources */ = {isa = PBXBuildFile; fileRef = 3F5F548D238462B000A1985D /* Main.storyboard */; };
		3F5F54982384647F00A1985D /* Notes.txt in Resources */ = {isa = PBXBuildFile; fileRef = 3F5F54972384647F00A1985D /* Notes.txt */; };
		3F5F549A2384657F00A1985D /* Intro.swift in Sources */ = {isa = PBXBuildFile; fileRef = 3F5F54992384657F00A1985D /* Intro.swift */; };
		3F5F549C2384688700A1985D /* Game.swift in Sources */ = {isa = PBXBuildFile; fileRef = 3F5F549B2384688700A1985D /* Game.swift */; };
		3F88043F2385C8DC00134CED /* BarrelCannon.png in Resources */ = {isa = PBXBuildFile; fileRef = 3F88043A2385C8DB00134CED /* BarrelCannon.png */; };
		3F8804402385C8DC00134CED /* DonkeyKongCountryMap01JungleHijinxsBG.png in Resources */ = {isa = PBXBuildFile; fileRef = 3F88043B2385C8DC00134CED /* DonkeyKongCountryMap01JungleHijinxsBG.png */; };
		3F8804412385C8DC00134CED /* RegularBarrel.png in Resources */ = {isa = PBXBuildFile; fileRef = 3F88043C2385C8DC00134CED /* RegularBarrel.png */; };
		3F8804422385C8DC00134CED /* Kritter.png in Resources */ = {isa = PBXBuildFile; fileRef = 3F88043D2385C8DC00134CED /* Kritter.png */; };
		3F8804432385C8DC00134CED /* DonkeyKongLeft.png in Resources */ = {isa = PBXBuildFile; fileRef = 3F88043E2385C8DC00134CED /* DonkeyKongLeft.png */; };
		3FC880472385E0D700520D37 /* DKThemeMidi - 11:20:19, 1.55 PM.wav in Resources */ = {isa = PBXBuildFile; fileRef = 3FC880462385E0D700520D37 /* DKThemeMidi - 11:20:19, 1.55 PM.wav */; };
/* End PBXBuildFile section */

/* Begin PBXFileReference section */
		3F5F5484238462AF00A1985D /* AngryBird.app */ = {isa = PBXFileReference; explicitFileType = wrapper.application; includeInIndex = 0; path = AngryBird.app; sourceTree = BUILT_PRODUCTS_DIR; };
		3F5F5487238462AF00A1985D /* AppDelegate.swift */ = {isa = PBXFileReference; lastKnownFileType = sourcecode.swift; path = AppDelegate.swift; sourceTree = "<group>"; };
		3F5F5489238462AF00A1985D /* ViewController.swift */ = {isa = PBXFileReference; lastKnownFileType = sourcecode.swift; path = ViewController.swift; sourceTree = "<group>"; };
		3F5F548B238462B000A1985D /* Assets.xcassets */ = {isa = PBXFileReference; lastKnownFileType = folder.assetcatalog; path = Assets.xcassets; sourceTree = "<group>"; };
		3F5F548E238462B000A1985D /* Base */ = {isa = PBXFileReference; lastKnownFileType = file.storyboard; name = Base; path = Base.lproj/Main.storyboard; sourceTree = "<group>"; };
		3F5F5490238462B000A1985D /* Info.plist */ = {isa = PBXFileReference; lastKnownFileType = text.plist.xml; path = Info.plist; sourceTree = "<group>"; };
		3F5F5491238462B000A1985D /* AngryBird.entitlements */ = {isa = PBXFileReference; lastKnownFileType = text.plist.entitlements; path = AngryBird.entitlements; sourceTree = "<group>"; };
		3F5F54972384647F00A1985D /* Notes.txt */ = {isa = PBXFileReference; lastKnownFileType = text; path = Notes.txt; sourceTree = "<group>"; };
		3F5F54992384657F00A1985D /* Intro.swift */ = {isa = PBXFileReference; lastKnownFileType = sourcecode.swift; path = Intro.swift; sourceTree = "<group>"; };
		3F5F549B2384688700A1985D /* Game.swift */ = {isa = PBXFileReference; lastKnownFileType = sourcecode.swift; path = Game.swift; sourceTree = "<group>"; };
		3F88043A2385C8DB00134CED /* BarrelCannon.png */ = {isa = PBXFileReference; lastKnownFileType = image.png; path = BarrelCannon.png; sourceTree = "<group>"; };
		3F88043B2385C8DC00134CED /* DonkeyKongCountryMap01JungleHijinxsBG.png */ = {isa = PBXFileReference; lastKnownFileType = image.png; path = DonkeyKongCountryMap01JungleHijinxsBG.png; sourceTree = "<group>"; };
		3F88043C2385C8DC00134CED /* RegularBarrel.png */ = {isa = PBXFileReference; lastKnownFileType = image.png; path = RegularBarrel.png; sourceTree = "<group>"; };
		3F88043D2385C8DC00134CED /* Kritter.png */ = {isa = PBXFileReference; lastKnownFileType = image.png; path = Kritter.png; sourceTree = "<group>"; };
		3F88043E2385C8DC00134CED /* DonkeyKongLeft.png */ = {isa = PBXFileReference; lastKnownFileType = image.png; path = DonkeyKongLeft.png; sourceTree = "<group>"; };
		3FC880462385E0D700520D37 /* DKThemeMidi - 11:20:19, 1.55 PM.wav */ = {isa = PBXFileReference; lastKnownFileType = audio.wav; path = "DKThemeMidi - 11:20:19, 1.55 PM.wav"; sourceTree = "<group>"; };
/* End PBXFileReference section */

/* Begin PBXFrameworksBuildPhase section */
		3F5F5481238462AF00A1985D /* Frameworks */ = {
			isa = PBXFrameworksBuildPhase;
			buildActionMask = 2147483647;
			files = (
			);
			runOnlyForDeploymentPostprocessing = 0;
		};
/* End PBXFrameworksBuildPhase section */

/* Begin PBXGroup section */
		3F5F547B238462AF00A1985D = {
			isa = PBXGroup;
			children = (
				3F5F5486238462AF00A1985D /* AngryBird */,
				3F5F5485238462AF00A1985D /* Products */,
			);
			sourceTree = "<group>";
		};
		3F5F5485238462AF00A1985D /* Products */ = {
			isa = PBXGroup;
			children = (
				3F5F5484238462AF00A1985D /* AngryBird.app */,
			);
			name = Products;
			sourceTree = "<group>";
		};
		3F5F5486238462AF00A1985D /* AngryBird */ = {
			isa = PBXGroup;
			children = (
				3F5F5487238462AF00A1985D /* AppDelegate.swift */,
				3F5F5489238462AF00A1985D /* ViewController.swift */,
				3F5F54992384657F00A1985D /* Intro.swift */,
				3F5F549B2384688700A1985D /* Game.swift */,
				3F5F54972384647F00A1985D /* Notes.txt */,
				3F5F548B238462B000A1985D /* Assets.xcassets */,
				3F88043A2385C8DB00134CED /* BarrelCannon.png */,
				3F88043B2385C8DC00134CED /* DonkeyKongCountryMap01JungleHijinxsBG.png */,
				3F88043E2385C8DC00134CED /* DonkeyKongLeft.png */,
				3F88043D2385C8DC00134CED /* Kritter.png */,
				3F88043C2385C8DC00134CED /* RegularBarrel.png */,
				3FC880462385E0D700520D37 /* DKThemeMidi - 11:20:19, 1.55 PM.wav */,
				3F5F548D238462B000A1985D /* Main.storyboard */,
				3F5F5490238462B000A1985D /* Info.plist */,
				3F5F5491238462B000A1985D /* AngryBird.entitlements */,
			);
			path = AngryBird;
			sourceTree = "<group>";
		};
/* End PBXGroup section */

/* Begin PBXNativeTarget section */
		3F5F5483238462AF00A1985D /* AngryBird */ = {
			isa = PBXNativeTarget;
			buildConfigurationList = 3F5F5494238462B000A1985D /* Build configuration list for PBXNativeTarget "AngryBird" */;
			buildPhases = (
				3F5F5480238462AF00A1985D /* Sources */,
				3F5F5481238462AF00A1985D /* Frameworks */,
				3F5F5482238462AF00A1985D /* Resources */,
			);
			buildRules = (
			);
			dependencies = (
			);
			name = AngryBird;
			productName = AngryBird;
			productReference = 3F5F5484238462AF00A1985D /* AngryBird.app */;
			productType = "com.apple.product-type.application";
		};
/* End PBXNativeTarget section */

/* Begin PBXProject section */
		3F5F547C238462AF00A1985D /* Project object */ = {
			isa = PBXProject;
			attributes = {
				LastSwiftUpdateCheck = 1030;
				LastUpgradeCheck = 1030;
				ORGANIZATIONNAME = student;
				TargetAttributes = {
					3F5F5483238462AF00A1985D = {
						CreatedOnToolsVersion = 10.3;
					};
				};
			};
			buildConfigurationList = 3F5F547F238462AF00A1985D /* Build configuration list for PBXProject "AngryBird" */;
			compatibilityVersion = "Xcode 9.3";
			developmentRegion = en;
			hasScannedForEncodings = 0;
			knownRegions = (
				en,
				Base,
			);
			mainGroup = 3F5F547B238462AF00A1985D;
			productRefGroup = 3F5F5485238462AF00A1985D /* Products */;
			projectDirPath = "";
			projectRoot = "";
			targets = (
				3F5F5483238462AF00A1985D /* AngryBird */,
			);
		};
/* End PBXProject section */

/* Begin PBXResourcesBuildPhase section */
		3F5F5482238462AF00A1985D /* Resources */ = {
			isa = PBXResourcesBuildPhase;
			buildActionMask = 2147483647;
			files = (
				3FC880472385E0D700520D37 /* DKThemeMidi - 11:20:19, 1.55 PM.wav in Resources */,
				3F8804412385C8DC00134CED /* RegularBarrel.png in Resources */,
				3F8804432385C8DC00134CED /* DonkeyKongLeft.png in Resources */,
				3F8804422385C8DC00134CED /* Kritter.png in Resources */,
				3F88043F2385C8DC00134CED /* BarrelCannon.png in Resources */,
				3F8804402385C8DC00134CED /* DonkeyKongCountryMap01JungleHijinxsBG.png in Resources */,
				3F5F548C238462B000A1985D /* Assets.xcassets in Resources */,
				3F5F54982384647F00A1985D /* Notes.txt in Resources */,
				3F5F548F238462B000A1985D /* Main.storyboard in Resources */,
			);
			runOnlyForDeploymentPostprocessing = 0;
		};
/* End PBXResourcesBuildPhase section */

/* Begin PBXSourcesBuildPhase section */
		3F5F5480238462AF00A1985D /* Sources */ = {
			isa = PBXSourcesBuildPhase;
			buildActionMask = 2147483647;
			files = (
				3F5F548A238462AF00A1985D /* ViewController.swift in Sources */,
				3F5F5488238462AF00A1985D /* AppDelegate.swift in Sources */,
				3F5F549A2384657F00A1985D /* Intro.swift in Sources */,
				3F5F549C2384688700A1985D /* Game.swift in Sources */,
			);
			runOnlyForDeploymentPostprocessing = 0;
		};
/* End PBXSourcesBuildPhase section */

/* Begin PBXVariantGroup section */
		3F5F548D238462B000A1985D /* Main.storyboard */ = {
			isa = PBXVariantGroup;
			children = (
				3F5F548E238462B000A1985D /* Base */,
			);
			name = Main.storyboard;
			sourceTree = "<group>";
		};
/* End PBXVariantGroup section */

/* Begin XCBuildConfiguration section */
		3F5F5492238462B000A1985D /* Debug */ = {
			isa = XCBuildConfiguration;
			buildSettings = {
				ALWAYS_SEARCH_USER_PATHS = NO;
				CLANG_ANALYZER_NONNULL = YES;
				CLANG_ANALYZER_NUMBER_OBJECT_CONVERSION = YES_AGGRESSIVE;
				CLANG_CXX_LANGUAGE_STANDARD = "gnu++14";
				CLANG_CXX_LIBRARY = "libc++";
				CLANG_ENABLE_MODULES = YES;
				CLANG_ENABLE_OBJC_ARC = YES;
				CLANG_ENABLE_OBJC_WEAK = YES;
				CLANG_WARN_BLOCK_CAPTURE_AUTORELEASING = YES;
				CLANG_WARN_BOOL_CONVERSION = YES;
				CLANG_WARN_COMMA = YES;
				CLANG_WARN_CONSTANT_CONVERSION = YES;
				CLANG_WARN_DEPRECATED_OBJC_IMPLEMENTATIONS = YES;
				CLANG_WARN_DIRECT_OBJC_ISA_USAGE = YES_ERROR;
				CLANG_WARN_DOCUMENTATION_COMMENTS = YES;
				CLANG_WARN_EMPTY_BODY = YES;
				CLANG_WARN_ENUM_CONVERSION = YES;
				CLANG_WARN_INFINITE_RECURSION = YES;
				CLANG_WARN_INT_CONVERSION = YES;
				CLANG_WARN_NON_LITERAL_NULL_CONVERSION = YES;
				CLANG_WARN_OBJC_IMPLICIT_RETAIN_SELF = YES;
				CLANG_WARN_OBJC_LITERAL_CONVERSION = YES;
				CLANG_WARN_OBJC_ROOT_CLASS = YES_ERROR;
				CLANG_WARN_RANGE_LOOP_ANALYSIS = YES;
				CLANG_WARN_STRICT_PROTOTYPES = YES;
				CLANG_WARN_SUSPICIOUS_MOVE = YES;
				CLANG_WARN_UNGUARDED_AVAILABILITY = YES_AGGRESSIVE;
				CLANG_WARN_UNREACHABLE_CODE = YES;
				CLANG_WARN__DUPLICATE_METHOD_MATCH = YES;
				CODE_SIGN_IDENTITY = "-";
				COPY_PHASE_STRIP = NO;
				DEBUG_INFORMATION_FORMAT = dwarf;
				ENABLE_STRICT_OBJC_MSGSEND = YES;
				ENABLE_TESTABILITY = YES;
				GCC_C_LANGUAGE_STANDARD = gnu11;
				GCC_DYNAMIC_NO_PIC = NO;
				GCC_NO_COMMON_BLOCKS = YES;
				GCC_OPTIMIZATION_LEVEL = 0;
				GCC_PREPROCESSOR_DEFINITIONS = (
					"DEBUG=1",
					"$(inherited)",
				);
				GCC_WARN_64_TO_32_BIT_CONVERSION = YES;
				GCC_WARN_ABOUT_RETURN_TYPE = YES_ERROR;
				GCC_WARN_UNDECLARED_SELECTOR = YES;
				GCC_WARN_UNINITIALIZED_AUTOS = YES_AGGRESSIVE;
				GCC_WARN_UNUSED_FUNCTION = YES;
				GCC_WARN_UNUSED_VARIABLE = YES;
				MACOSX_DEPLOYMENT_TARGET = 10.14;
				MTL_ENABLE_DEBUG_INFO = INCLUDE_SOURCE;
				MTL_FAST_MATH = YES;
				ONLY_ACTIVE_ARCH = YES;
				SDKROOT = macosx;
				SWIFT_ACTIVE_COMPILATION_CONDITIONS = DEBUG;
				SWIFT_OPTIMIZATION_LEVEL = "-Onone";
			};
			name = Debug;
		};
		3F5F5493238462B000A1985D /* Release */ = {
			isa = XCBuildConfiguration;
			buildSettings = {
				ALWAYS_SEARCH_USER_PATHS = NO;
				CLANG_ANALYZER_NONNULL = YES;
				CLANG_ANALYZER_NUMBER_OBJECT_CONVERSION = YES_AGGRESSIVE;
				CLANG_CXX_LANGUAGE_STANDARD = "gnu++14";
				CLANG_CXX_LIBRARY = "libc++";
				CLANG_ENABLE_MODULES = YES;
				CLANG_ENABLE_OBJC_ARC = YES;
				CLANG_ENABLE_OBJC_WEAK = YES;
				CLANG_WARN_BLOCK_CAPTURE_AUTORELEASING = YES;
				CLANG_WARN_BOOL_CONVERSION = YES;
				CLANG_WARN_COMMA = YES;
				CLANG_WARN_CONSTANT_CONVERSION = YES;
				CLANG_WARN_DEPRECATED_OBJC_IMPLEMENTATIONS = YES;
				CLANG_WARN_DIRECT_OBJC_ISA_USAGE = YES_ERROR;
				CLANG_WARN_DOCUMENTATION_COMMENTS = YES;
				CLANG_WARN_EMPTY_BODY = YES;
				CLANG_WARN_ENUM_CONVERSION = YES;
				CLANG_WARN_INFINITE_RECURSION = YES;
				CLANG_WARN_INT_CONVERSION = YES;
				CLANG_WARN_NON_LITERAL_NULL_CONVERSION = YES;
				CLANG_WARN_OBJC_IMPLICIT_RETAIN_SELF = YES;
				CLANG_WARN_OBJC_LITERAL_CONVERSION = YES;
				CLANG_WARN_OBJC_ROOT_CLASS = YES_ERROR;
				CLANG_WARN_RANGE_LOOP_ANALYSIS = YES;
				CLANG_WARN_STRICT_PROTOTYPES = YES;
				CLANG_WARN_SUSPICIOUS_MOVE = YES;
				CLANG_WARN_UNGUARDED_AVAILABILITY = YES_AGGRESSIVE;
				CLANG_WARN_UNREACHABLE_CODE = YES;
				CLANG_WARN__DUPLICATE_METHOD_MATCH = YES;
				CODE_SIGN_IDENTITY = "-";
				COPY_PHASE_STRIP = NO;
				DEBUG_INFORMATION_FORMAT = "dwarf-with-dsym";
				ENABLE_NS_ASSERTIONS = NO;
				ENABLE_STRICT_OBJC_MSGSEND = YES;
				GCC_C_LANGUAGE_STANDARD = gnu11;
				GCC_NO_COMMON_BLOCKS = YES;
				GCC_WARN_64_TO_32_BIT_CONVERSION = YES;
				GCC_WARN_ABOUT_RETURN_TYPE = YES_ERROR;
				GCC_WARN_UNDECLARED_SELECTOR = YES;
				GCC_WARN_UNINITIALIZED_AUTOS = YES_AGGRESSIVE;
				GCC_WARN_UNUSED_FUNCTION = YES;
				GCC_WARN_UNUSED_VARIABLE = YES;
				MACOSX_DEPLOYMENT_TARGET = 10.14;
				MTL_ENABLE_DEBUG_INFO = NO;
				MTL_FAST_MATH = YES;
				SDKROOT = macosx;
				SWIFT_COMPILATION_MODE = wholemodule;
				SWIFT_OPTIMIZATION_LEVEL = "-O";
			};
			name = Release;
		};
		3F5F5495238462B000A1985D /* Debug */ = {
			isa = XCBuildConfiguration;
			buildSettings = {
				ASSETCATALOG_COMPILER_APPICON_NAME = AppIcon;
				CODE_SIGN_ENTITLEMENTS = AngryBird/AngryBird.entitlements;
				CODE_SIGN_STYLE = Automatic;
				COMBINE_HIDPI_IMAGES = YES;
				INFOPLIST_FILE = AngryBird/Info.plist;
				LD_RUNPATH_SEARCH_PATHS = (
					"$(inherited)",
					"@executable_path/../Frameworks",
				);
				PRODUCT_BUNDLE_IDENTIFIER = asu.AngryBird;
				PRODUCT_NAME = "$(TARGET_NAME)";
				SWIFT_VERSION = 5.0;
			};
			name = Debug;
		};
		3F5F5496238462B000A1985D /* Release */ = {
			isa = XCBuildConfiguration;
			buildSettings = {
				ASSETCATALOG_COMPILER_APPICON_NAME = AppIcon;
				CODE_SIGN_ENTITLEMENTS = AngryBird/AngryBird.entitlements;
				CODE_SIGN_STYLE = Automatic;
				COMBINE_HIDPI_IMAGES = YES;
				INFOPLIST_FILE = AngryBird/Info.plist;
				LD_RUNPATH_SEARCH_PATHS = (
					"$(inherited)",
					"@executable_path/../Frameworks",
				);
				PRODUCT_BUNDLE_IDENTIFIER = asu.AngryBird;
				PRODUCT_NAME = "$(TARGET_NAME)";
				SWIFT_VERSION = 5.0;
			};
			name = Release;
		};
/* End XCBuildConfiguration section */

/* Begin XCConfigurationList section */
		3F5F547F238462AF00A1985D /* Build configuration list for PBXProject "AngryBird" */ = {
			isa = XCConfigurationList;
			buildConfigurations = (
				3F5F5492238462B000A1985D /* Debug */,
				3F5F5493238462B000A1985D /* Release */,
			);
			defaultConfigurationIsVisible = 0;
			defaultConfigurationName = Release;
		};
		3F5F5494238462B000A1985D /* Build configuration list for PBXNativeTarget "AngryBird" */ = {
			isa = XCConfigurationList;
			buildConfigurations = (
				3F5F5495238462B000A1985D /* Debug */,
				3F5F5496238462B000A1985D /* Release */,
			);
			defaultConfigurationIsVisible = 0;
			defaultConfigurationName = Release;
		};
/* End XCConfigurationList section */
	};
	rootObject = 3F5F547C238462AF00A1985D /* Project object */;
}
