// !$*UTF8*$!
{
	archiveVersion = 1;
	classes = {
	};
	objectVersion = 50;
	objects = {

/* Begin PBXBuildFile section */
		3FAF506E237360C80008C619 /* AppDelegate.swift in Sources */ = {isa = PBXBuildFile; fileRef = 3FAF506D237360C80008C619 /* AppDelegate.swift */; };
		3FAF5070237360C80008C619 /* ViewController.swift in Sources */ = {isa = PBXBuildFile; fileRef = 3FAF506F237360C80008C619 /* ViewController.swift */; };
		3FAF5072237360C90008C619 /* Assets.xcassets in Resources */ = {isa = PBXBuildFile; fileRef = 3FAF5071237360C90008C619 /* Assets.xcassets */; };
		3FAF5075237360C90008C619 /* Main.storyboard in Resources */ = {isa = PBXBuildFile; fileRef = 3FAF5073237360C90008C619 /* Main.storyboard */; };
		3FAF507E237360FF0008C619 /* Hello.swift in Sources */ = {isa = PBXBuildFile; fileRef = 3FAF507D237360FF0008C619 /* Hello.swift */; };
		3FAF5080237361480008C619 /* Game.swift in Sources */ = {isa = PBXBuildFile; fileRef = 3FAF507F237361480008C619 /* Game.swift */; };
		3FAF5088237365220008C619 /* SpongeGar.png in Resources */ = {isa = PBXBuildFile; fileRef = 3FAF5087237365220008C619 /* SpongeGar.png */; };
		3FAF508B237366DF0008C619 /* rainrop.png in Resources */ = {isa = PBXBuildFile; fileRef = 3FAF508A237366DF0008C619 /* rainrop.png */; };
		3FAF508D23736DEF0008C619 /* GoodBye.swift in Sources */ = {isa = PBXBuildFile; fileRef = 3FAF508C23736DEF0008C619 /* GoodBye.swift */; };
/* End PBXBuildFile section */

/* Begin PBXFileReference section */
		3FAF506A237360C80008C619 /* Rain Game.app */ = {isa = PBXFileReference; explicitFileType = wrapper.application; includeInIndex = 0; path = "Rain Game.app"; sourceTree = BUILT_PRODUCTS_DIR; };
		3FAF506D237360C80008C619 /* AppDelegate.swift */ = {isa = PBXFileReference; lastKnownFileType = sourcecode.swift; path = AppDelegate.swift; sourceTree = "<group>"; };
		3FAF506F237360C80008C619 /* ViewController.swift */ = {isa = PBXFileReference; lastKnownFileType = sourcecode.swift; path = ViewController.swift; sourceTree = "<group>"; };
		3FAF5071237360C90008C619 /* Assets.xcassets */ = {isa = PBXFileReference; lastKnownFileType = folder.assetcatalog; path = Assets.xcassets; sourceTree = "<group>"; };
		3FAF5074237360C90008C619 /* Base */ = {isa = PBXFileReference; lastKnownFileType = file.storyboard; name = Base; path = Base.lproj/Main.storyboard; sourceTree = "<group>"; };
		3FAF5076237360C90008C619 /* Info.plist */ = {isa = PBXFileReference; lastKnownFileType = text.plist.xml; path = Info.plist; sourceTree = "<group>"; };
		3FAF5077237360C90008C619 /* Rain_Game.entitlements */ = {isa = PBXFileReference; lastKnownFileType = text.plist.entitlements; path = Rain_Game.entitlements; sourceTree = "<group>"; };
		3FAF507D237360FF0008C619 /* Hello.swift */ = {isa = PBXFileReference; lastKnownFileType = sourcecode.swift; path = Hello.swift; sourceTree = "<group>"; };
		3FAF507F237361480008C619 /* Game.swift */ = {isa = PBXFileReference; lastKnownFileType = sourcecode.swift; path = Game.swift; sourceTree = "<group>"; };
		3FAF5087237365220008C619 /* SpongeGar.png */ = {isa = PBXFileReference; lastKnownFileType = image.png; path = SpongeGar.png; sourceTree = "<group>"; };
		3FAF508A237366DF0008C619 /* rainrop.png */ = {isa = PBXFileReference; lastKnownFileType = image.png; path = rainrop.png; sourceTree = "<group>"; };
		3FAF508C23736DEF0008C619 /* GoodBye.swift */ = {isa = PBXFileReference; lastKnownFileType = sourcecode.swift; path = GoodBye.swift; sourceTree = "<group>"; };
/* End PBXFileReference section */

/* Begin PBXFrameworksBuildPhase section */
		3FAF5067237360C80008C619 /* Frameworks */ = {
			isa = PBXFrameworksBuildPhase;
			buildActionMask = 2147483647;
			files = (
			);
			runOnlyForDeploymentPostprocessing = 0;
		};
/* End PBXFrameworksBuildPhase section */

/* Begin PBXGroup section */
		3FAF5061237360C80008C619 = {
			isa = PBXGroup;
			children = (
				3FAF506C237360C80008C619 /* Rain Game */,
				3FAF506B237360C80008C619 /* Products */,
			);
			sourceTree = "<group>";
		};
		3FAF506B237360C80008C619 /* Products */ = {
			isa = PBXGroup;
			children = (
				3FAF506A237360C80008C619 /* Rain Game.app */,
			);
			name = Products;
			sourceTree = "<group>";
		};
		3FAF506C237360C80008C619 /* Rain Game */ = {
			isa = PBXGroup;
			children = (
				3FAF506D237360C80008C619 /* AppDelegate.swift */,
				3FAF506F237360C80008C619 /* ViewController.swift */,
				3FAF507D237360FF0008C619 /* Hello.swift */,
				3FAF508C23736DEF0008C619 /* GoodBye.swift */,
				3FAF507F237361480008C619 /* Game.swift */,
				3FAF5071237360C90008C619 /* Assets.xcassets */,
				3FAF5087237365220008C619 /* SpongeGar.png */,
				3FAF508A237366DF0008C619 /* rainrop.png */,
				3FAF5073237360C90008C619 /* Main.storyboard */,
				3FAF5076237360C90008C619 /* Info.plist */,
				3FAF5077237360C90008C619 /* Rain_Game.entitlements */,
			);
			path = "Rain Game";
			sourceTree = "<group>";
		};
/* End PBXGroup section */

/* Begin PBXNativeTarget section */
		3FAF5069237360C80008C619 /* Rain Game */ = {
			isa = PBXNativeTarget;
			buildConfigurationList = 3FAF507A237360C90008C619 /* Build configuration list for PBXNativeTarget "Rain Game" */;
			buildPhases = (
				3FAF5066237360C80008C619 /* Sources */,
				3FAF5067237360C80008C619 /* Frameworks */,
				3FAF5068237360C80008C619 /* Resources */,
			);
			buildRules = (
			);
			dependencies = (
			);
			name = "Rain Game";
			productName = "Rain Game";
			productReference = 3FAF506A237360C80008C619 /* Rain Game.app */;
			productType = "com.apple.product-type.application";
		};
/* End PBXNativeTarget section */

/* Begin PBXProject section */
		3FAF5062237360C80008C619 /* Project object */ = {
			isa = PBXProject;
			attributes = {
				LastSwiftUpdateCheck = 1030;
				LastUpgradeCheck = 1030;
				ORGANIZATIONNAME = student;
				TargetAttributes = {
					3FAF5069237360C80008C619 = {
						CreatedOnToolsVersion = 10.3;
					};
				};
			};
			buildConfigurationList = 3FAF5065237360C80008C619 /* Build configuration list for PBXProject "Rain Game" */;
			compatibilityVersion = "Xcode 9.3";
			developmentRegion = en;
			hasScannedForEncodings = 0;
			knownRegions = (
				en,
				Base,
			);
			mainGroup = 3FAF5061237360C80008C619;
			productRefGroup = 3FAF506B237360C80008C619 /* Products */;
			projectDirPath = "";
			projectRoot = "";
			targets = (
				3FAF5069237360C80008C619 /* Rain Game */,
			);
		};
/* End PBXProject section */

/* Begin PBXResourcesBuildPhase section */
		3FAF5068237360C80008C619 /* Resources */ = {
			isa = PBXResourcesBuildPhase;
			buildActionMask = 2147483647;
			files = (
				3FAF5072237360C90008C619 /* Assets.xcassets in Resources */,
				3FAF5088237365220008C619 /* SpongeGar.png in Resources */,
				3FAF5075237360C90008C619 /* Main.storyboard in Resources */,
				3FAF508B237366DF0008C619 /* rainrop.png in Resources */,
			);
			runOnlyForDeploymentPostprocessing = 0;
		};
/* End PBXResourcesBuildPhase section */

/* Begin PBXSourcesBuildPhase section */
		3FAF5066237360C80008C619 /* Sources */ = {
			isa = PBXSourcesBuildPhase;
			buildActionMask = 2147483647;
			files = (
				3FAF5070237360C80008C619 /* ViewController.swift in Sources */,
				3FAF507E237360FF0008C619 /* Hello.swift in Sources */,
				3FAF508D23736DEF0008C619 /* GoodBye.swift in Sources */,
				3FAF506E237360C80008C619 /* AppDelegate.swift in Sources */,
				3FAF5080237361480008C619 /* Game.swift in Sources */,
			);
			runOnlyForDeploymentPostprocessing = 0;
		};
/* End PBXSourcesBuildPhase section */

/* Begin PBXVariantGroup section */
		3FAF5073237360C90008C619 /* Main.storyboard */ = {
			isa = PBXVariantGroup;
			children = (
				3FAF5074237360C90008C619 /* Base */,
			);
			name = Main.storyboard;
			sourceTree = "<group>";
		};
/* End PBXVariantGroup section */

/* Begin XCBuildConfiguration section */
		3FAF5078237360C90008C619 /* Debug */ = {
			isa = XCBuildConfiguration;
			buildSettings = {
				ALWAYS_SEARCH_USER_PATHS = NO;
				CLANG_ANALYZER_NONNULL = YES;
				CLANG_ANALYZER_NUMBER_OBJECT_CONVERSION = YES_AGGRESSIVE;
				CLANG_CXX_LANGUAGE_STANDARD = "gnu++14";
				CLANG_CXX_LIBRARY = "libc++";
				CLANG_ENABLE_MODULES = YES;
				CLANG_ENABLE_OBJC_ARC = YES;
				CLANG_ENABLE_OBJC_WEAK = YES;
				CLANG_WARN_BLOCK_CAPTURE_AUTORELEASING = YES;
				CLANG_WARN_BOOL_CONVERSION = YES;
				CLANG_WARN_COMMA = YES;
				CLANG_WARN_CONSTANT_CONVERSION = YES;
				CLANG_WARN_DEPRECATED_OBJC_IMPLEMENTATIONS = YES;
				CLANG_WARN_DIRECT_OBJC_ISA_USAGE = YES_ERROR;
				CLANG_WARN_DOCUMENTATION_COMMENTS = YES;
				CLANG_WARN_EMPTY_BODY = YES;
				CLANG_WARN_ENUM_CONVERSION = YES;
				CLANG_WARN_INFINITE_RECURSION = YES;
				CLANG_WARN_INT_CONVERSION = YES;
				CLANG_WARN_NON_LITERAL_NULL_CONVERSION = YES;
				CLANG_WARN_OBJC_IMPLICIT_RETAIN_SELF = YES;
				CLANG_WARN_OBJC_LITERAL_CONVERSION = YES;
				CLANG_WARN_OBJC_ROOT_CLASS = YES_ERROR;
				CLANG_WARN_RANGE_LOOP_ANALYSIS = YES;
				CLANG_WARN_STRICT_PROTOTYPES = YES;
				CLANG_WARN_SUSPICIOUS_MOVE = YES;
				CLANG_WARN_UNGUARDED_AVAILABILITY = YES_AGGRESSIVE;
				CLANG_WARN_UNREACHABLE_CODE = YES;
				CLANG_WARN__DUPLICATE_METHOD_MATCH = YES;
				CODE_SIGN_IDENTITY = "-";
				COPY_PHASE_STRIP = NO;
				DEBUG_INFORMATION_FORMAT = dwarf;
				ENABLE_STRICT_OBJC_MSGSEND = YES;
				ENABLE_TESTABILITY = YES;
				GCC_C_LANGUAGE_STANDARD = gnu11;
				GCC_DYNAMIC_NO_PIC = NO;
				GCC_NO_COMMON_BLOCKS = YES;
				GCC_OPTIMIZATION_LEVEL = 0;
				GCC_PREPROCESSOR_DEFINITIONS = (
					"DEBUG=1",
					"$(inherited)",
				);
				GCC_WARN_64_TO_32_BIT_CONVERSION = YES;
				GCC_WARN_ABOUT_RETURN_TYPE = YES_ERROR;
				GCC_WARN_UNDECLARED_SELECTOR = YES;
				GCC_WARN_UNINITIALIZED_AUTOS = YES_AGGRESSIVE;
				GCC_WARN_UNUSED_FUNCTION = YES;
				GCC_WARN_UNUSED_VARIABLE = YES;
				MACOSX_DEPLOYMENT_TARGET = 10.14;
				MTL_ENABLE_DEBUG_INFO = INCLUDE_SOURCE;
				MTL_FAST_MATH = YES;
				ONLY_ACTIVE_ARCH = YES;
				SDKROOT = macosx;
				SWIFT_ACTIVE_COMPILATION_CONDITIONS = DEBUG;
				SWIFT_OPTIMIZATION_LEVEL = "-Onone";
			};
			name = Debug;
		};
		3FAF5079237360C90008C619 /* Release */ = {
			isa = XCBuildConfiguration;
			buildSettings = {
				ALWAYS_SEARCH_USER_PATHS = NO;
				CLANG_ANALYZER_NONNULL = YES;
				CLANG_ANALYZER_NUMBER_OBJECT_CONVERSION = YES_AGGRESSIVE;
				CLANG_CXX_LANGUAGE_STANDARD = "gnu++14";
				CLANG_CXX_LIBRARY = "libc++";
				CLANG_ENABLE_MODULES = YES;
				CLANG_ENABLE_OBJC_ARC = YES;
				CLANG_ENABLE_OBJC_WEAK = YES;
				CLANG_WARN_BLOCK_CAPTURE_AUTORELEASING = YES;
				CLANG_WARN_BOOL_CONVERSION = YES;
				CLANG_WARN_COMMA = YES;
				CLANG_WARN_CONSTANT_CONVERSION = YES;
				CLANG_WARN_DEPRECATED_OBJC_IMPLEMENTATIONS = YES;
				CLANG_WARN_DIRECT_OBJC_ISA_USAGE = YES_ERROR;
				CLANG_WARN_DOCUMENTATION_COMMENTS = YES;
				CLANG_WARN_EMPTY_BODY = YES;
				CLANG_WARN_ENUM_CONVERSION = YES;
				CLANG_WARN_INFINITE_RECURSION = YES;
				CLANG_WARN_INT_CONVERSION = YES;
				CLANG_WARN_NON_LITERAL_NULL_CONVERSION = YES;
				CLANG_WARN_OBJC_IMPLICIT_RETAIN_SELF = YES;
				CLANG_WARN_OBJC_LITERAL_CONVERSION = YES;
				CLANG_WARN_OBJC_ROOT_CLASS = YES_ERROR;
				CLANG_WARN_RANGE_LOOP_ANALYSIS = YES;
				CLANG_WARN_STRICT_PROTOTYPES = YES;
				CLANG_WARN_SUSPICIOUS_MOVE = YES;
				CLANG_WARN_UNGUARDED_AVAILABILITY = YES_AGGRESSIVE;
				CLANG_WARN_UNREACHABLE_CODE = YES;
				CLANG_WARN__DUPLICATE_METHOD_MATCH = YES;
				CODE_SIGN_IDENTITY = "-";
				COPY_PHASE_STRIP = NO;
				DEBUG_INFORMATION_FORMAT = "dwarf-with-dsym";
				ENABLE_NS_ASSERTIONS = NO;
				ENABLE_STRICT_OBJC_MSGSEND = YES;
				GCC_C_LANGUAGE_STANDARD = gnu11;
				GCC_NO_COMMON_BLOCKS = YES;
				GCC_WARN_64_TO_32_BIT_CONVERSION = YES;
				GCC_WARN_ABOUT_RETURN_TYPE = YES_ERROR;
				GCC_WARN_UNDECLARED_SELECTOR = YES;
				GCC_WARN_UNINITIALIZED_AUTOS = YES_AGGRESSIVE;
				GCC_WARN_UNUSED_FUNCTION = YES;
				GCC_WARN_UNUSED_VARIABLE = YES;
				MACOSX_DEPLOYMENT_TARGET = 10.14;
				MTL_ENABLE_DEBUG_INFO = NO;
				MTL_FAST_MATH = YES;
				SDKROOT = macosx;
				SWIFT_COMPILATION_MODE = wholemodule;
				SWIFT_OPTIMIZATION_LEVEL = "-O";
			};
			name = Release;
		};
		3FAF507B237360C90008C619 /* Debug */ = {
			isa = XCBuildConfiguration;
			buildSettings = {
				ASSETCATALOG_COMPILER_APPICON_NAME = AppIcon;
				CODE_SIGN_ENTITLEMENTS = "Rain Game/Rain_Game.entitlements";
				CODE_SIGN_STYLE = Automatic;
				COMBINE_HIDPI_IMAGES = YES;
				INFOPLIST_FILE = "Rain Game/Info.plist";
				LD_RUNPATH_SEARCH_PATHS = (
					"$(inherited)",
					"@executable_path/../Frameworks",
				);
				PRODUCT_BUNDLE_IDENTIFIER = "asu.Rain-Game";
				PRODUCT_NAME = "$(TARGET_NAME)";
				SWIFT_VERSION = 5.0;
			};
			name = Debug;
		};
		3FAF507C237360C90008C619 /* Release */ = {
			isa = XCBuildConfiguration;
			buildSettings = {
				ASSETCATALOG_COMPILER_APPICON_NAME = AppIcon;
				CODE_SIGN_ENTITLEMENTS = "Rain Game/Rain_Game.entitlements";
				CODE_SIGN_STYLE = Automatic;
				COMBINE_HIDPI_IMAGES = YES;
				INFOPLIST_FILE = "Rain Game/Info.plist";
				LD_RUNPATH_SEARCH_PATHS = (
					"$(inherited)",
					"@executable_path/../Frameworks",
				);
				PRODUCT_BUNDLE_IDENTIFIER = "asu.Rain-Game";
				PRODUCT_NAME = "$(TARGET_NAME)";
				SWIFT_VERSION = 5.0;
			};
			name = Release;
		};
/* End XCBuildConfiguration section */

/* Begin XCConfigurationList section */
		3FAF5065237360C80008C619 /* Build configuration list for PBXProject "Rain Game" */ = {
			isa = XCConfigurationList;
			buildConfigurations = (
				3FAF5078237360C90008C619 /* Debug */,
				3FAF5079237360C90008C619 /* Release */,
			);
			defaultConfigurationIsVisible = 0;
			defaultConfigurationName = Release;
		};
		3FAF507A237360C90008C619 /* Build configuration list for PBXNativeTarget "Rain Game" */ = {
			isa = XCConfigurationList;
			buildConfigurations = (
				3FAF507B237360C90008C619 /* Debug */,
				3FAF507C237360C90008C619 /* Release */,
			);
			defaultConfigurationIsVisible = 0;
			defaultConfigurationName = Release;
		};
/* End XCConfigurationList section */
	};
	rootObject = 3FAF5062237360C80008C619 /* Project object */;
}
